
Microsoft Visual Studio Solution File, Format Version 12.00
# Visual Studio Version 17
VisualStudioVersion = 17.4.33122.133
MinimumVisualStudioVersion = 10.0.40219.1
Project("{FAE04EC0-301F-11D3-BF4B-00C04F79EFBC}") = "WindowsFormsApp2", "WindowsFormsApp2\WindowsFormsApp2.csproj", "{B56E09CD-5CE1-4DF7-ACD9-A33541D71F7B}"
EndProject
Global
	GlobalSection(SolutionConfigurationPlatforms) = preSolution
		Debug|Any CPU = Debug|Any CPU
		Release|Any CPU = Release|Any CPU
	EndGlobalSection
	GlobalSection(ProjectConfigurationPlatforms) = postSolution
		{B56E09CD-5CE1-4DF7-ACD9-A33541D71F7B}.Debug|Any CPU.ActiveCfg = Debug|Any CPU
		{B56E09CD-5CE1-4DF7-ACD9-A33541D71F7B}.Debug|Any CPU.Build.0 = Debug|Any CPU
		{B56E09CD-5CE1-4DF7-ACD9-A33541D71F7B}.Release|Any CPU.ActiveCfg = Release|Any CPU
		{B56E09CD-5CE1-4DF7-ACD9-A33541D71F7B}.Release|Any CPU.Build.0 = Release|Any CPU
	EndGlobalSection
	GlobalSection(SolutionProperties) = preSolution
		HideSolutionNode = FALSE
	EndGlobalSection
	GlobalSection(ExtensibilityGlobals) = postSolution
		SolutionGuid = {21832DD7-6462-435D-8B60-1B143292E8A0}
	EndGlobalSection
EndGlobal
